# THIS IS AN AUTOGENERATED FILE. DO NOT EDIT THIS FILE DIRECTLY.
# yarn lockfile v1


"@openzeppelin/contracts-upgradeable@^4.8.2":
  version "4.8.2"
  resolved "https://registry.yarnpkg.com/@openzeppelin/contracts-upgradeable/-/contracts-upgradeable-4.8.2.tgz#edef522bdbc46d478481391553bababdd2199e27"
  integrity sha512-zIggnBwemUmmt9IS73qxi+tumALxCY4QEs3zLCII78k0Gfse2hAOdAkuAeLUzvWUpneMUfFE5sGHzEUSTvn4Ag==

"@openzeppelin/contracts@^4.8.3":
  version "4.8.3"
  resolved "https://registry.yarnpkg.com/@openzeppelin/contracts/-/contracts-4.8.3.tgz#cbef3146bfc570849405f59cba18235da95a252a"
  integrity sha512-bQHV8R9Me8IaJoJ2vPG4rXcL7seB7YVuskr4f+f5RyOStSZetwzkWtoqDMl5erkBJy0lDRUnIR2WIkPiC0GJlg==
