# THIS IS AN AUTOGENERATED FILE. DO NOT EDIT THIS FILE DIRECTLY.
# yarn lockfile v1


"@openzeppelin/contracts-upgradeable@^4.8.3":
  version "4.8.3"
  resolved "https://registry.yarnpkg.com/@openzeppelin/contracts-upgradeable/-/contracts-upgradeable-4.8.3.tgz#6b076a7b751811b90fe3a172a7faeaa603e13a3f"
  integrity sha512-SXDRl7HKpl2WDoJpn7CK/M9U4Z8gNXDHHChAKh0Iz+Wew3wu6CmFYBeie3je8V0GSXZAIYYwUktSrnW/kwVPtg==

"@openzeppelin/contracts@^4.7.3":
  version "4.7.3"
  resolved "https://registry.npmjs.org/@openzeppelin/contracts/-/contracts-4.7.3.tgz"
  integrity sha512-dGRS0agJzu8ybo44pCIf3xBaPQN/65AIXNgK8+4gzKd5kbvlqyxryUYVLJv7fK98Seyd2hDZzVEHSWAh0Bt1Yw==
