# THIS IS AN AUTOGENERATED FILE. DO NOT EDIT THIS FILE DIRECTLY.
# yarn lockfile v1


"@openzeppelin/contracts-upgradeable@^4.8.0":
  version "4.8.0"
  resolved "https://registry.yarnpkg.com/@openzeppelin/contracts-upgradeable/-/contracts-upgradeable-4.8.0.tgz#26688982f46969018e3ed3199e72a07c8d114275"
  integrity sha512-5GeFgqMiDlqGT8EdORadp1ntGF0qzWZLmEY7Wbp/yVhN7/B3NNzCxujuI77ktlyG81N3CUZP8cZe3ZAQ/cW10w==

"@openzeppelin/contracts@^4.7.3":
  version "4.7.3"
  resolved "https://registry.npmjs.org/@openzeppelin/contracts/-/contracts-4.7.3.tgz"
  integrity sha512-dGRS0agJzu8ybo44pCIf3xBaPQN/65AIXNgK8+4gzKd5kbvlqyxryUYVLJv7fK98Seyd2hDZzVEHSWAh0Bt1Yw==
